// !$*UTF8*$!
{
	archiveVersion = 1;
	classes = {
	};
	objectVersion = 56;
	objects = {

/* Begin PBXBuildFile section */
		D41EE90328DE294700A8ED53 /* LGV_MeetingSDKTests_BMLT_Tester.swift in Sources */ = {isa = PBXBuildFile; fileRef = D41EE90228DE294700A8ED53 /* LGV_MeetingSDKTests_BMLT_Tester.swift */; };
		D41EE90628DE2BD100A8ED53 /* LGV_MeetingSDK_BMLT.Transport.swift in Sources */ = {isa = PBXBuildFile; fileRef = D41EE90528DE2BD000A8ED53 /* LGV_MeetingSDK_BMLT.Transport.swift */; };
		D41EE90828DE2C4500A8ED53 /* LGV_MeetingSDK_BMLT.Transport.Parser.swift in Sources */ = {isa = PBXBuildFile; fileRef = D41EE90728DE2C4500A8ED53 /* LGV_MeetingSDK_BMLT.Transport.Parser.swift */; };
		D41EE90A28DE2CD500A8ED53 /* LGV_MeetingSDK_BMLT.Transport.Initiator.swift in Sources */ = {isa = PBXBuildFile; fileRef = D41EE90928DE2CD500A8ED53 /* LGV_MeetingSDK_BMLT.Transport.Initiator.swift */; };
		D442316328E0BB7900BB3B70 /* SearchResponse-03.json in Resources */ = {isa = PBXBuildFile; fileRef = D442316228E0BB7900BB3B70 /* SearchResponse-03.json */; };
		D47A4B5528D9F47D00B17823 /* LGV_MeetingSDK_Protocols.swift in Sources */ = {isa = PBXBuildFile; fileRef = D47A4B5428D9F47D00B17823 /* LGV_MeetingSDK_Protocols.swift */; };
		D498E52828DD21DA00312432 /* LGV_MeetingSDK_BMLT.swift in Sources */ = {isa = PBXBuildFile; fileRef = D498E52728DD21DA00312432 /* LGV_MeetingSDK_BMLT.swift */; };
		D4A6EC7B28DB4B3900B3E660 /* LGV_MeetingSDKTests.swift in Sources */ = {isa = PBXBuildFile; fileRef = D4A6EC7A28DB4B3900B3E660 /* LGV_MeetingSDKTests.swift */; };
		D4A6EC7C28DB4B3900B3E660 /* libLGV_MeetingSDK.a in Frameworks */ = {isa = PBXBuildFile; fileRef = D4A985A828D3C0A7007D75E4 /* libLGV_MeetingSDK.a */; platformFilters = (ios, macos, ); };
		D4A6EC8628DB68BA00B3E660 /* LGV_MeetingSDK_Organization_Protocol.swift in Sources */ = {isa = PBXBuildFile; fileRef = D4A6EC8528DB68BA00B3E660 /* LGV_MeetingSDK_Organization_Protocol.swift */; };
		D4A6EC8828DB693400B3E660 /* LGV_MeetingSDK_Meeting_Protocols.swift in Sources */ = {isa = PBXBuildFile; fileRef = D4A6EC8728DB693400B3E660 /* LGV_MeetingSDK_Meeting_Protocols.swift */; };
		D4A6EC8B28DBA74B00B3E660 /* LGV_MeetingSDK_Transport_Protocol.swift in Sources */ = {isa = PBXBuildFile; fileRef = D4A6EC8A28DBA74B00B3E660 /* LGV_MeetingSDK_Transport_Protocol.swift */; };
		D4A985B128D3C0AB007D75E4 /* LGV_MeetingSDK.swift in Sources */ = {isa = PBXBuildFile; fileRef = D412C80528D3BEC500BAFC16 /* LGV_MeetingSDK.swift */; };
		D4B20DE128DFAB2600643A20 /* SearchResponse-00.json in Resources */ = {isa = PBXBuildFile; fileRef = D4B20DDC28DFAB0200643A20 /* SearchResponse-00.json */; };
		D4B20DE228DFAB2600643A20 /* SearchResponse-01.json in Resources */ = {isa = PBXBuildFile; fileRef = D4B20DDD28DFAB0200643A20 /* SearchResponse-01.json */; };
		D4B20DE328DFAB2600643A20 /* SearchResponse-02.json in Resources */ = {isa = PBXBuildFile; fileRef = D4B20DDB28DFAB0200643A20 /* SearchResponse-02.json */; };
/* End PBXBuildFile section */

/* Begin PBXContainerItemProxy section */
		D4A6EC7D28DB4B3900B3E660 /* PBXContainerItemProxy */ = {
			isa = PBXContainerItemProxy;
			containerPortal = D412C7FA28D3BEC500BAFC16 /* Project object */;
			proxyType = 1;
			remoteGlobalIDString = D4A985A728D3C0A7007D75E4;
			remoteInfo = LGV_MeetingSDK;
		};
/* End PBXContainerItemProxy section */

/* Begin PBXFileReference section */
		D412C80528D3BEC500BAFC16 /* LGV_MeetingSDK.swift */ = {isa = PBXFileReference; lastKnownFileType = sourcecode.swift; path = LGV_MeetingSDK.swift; sourceTree = "<group>"; };
		D41EE90228DE294700A8ED53 /* LGV_MeetingSDKTests_BMLT_Tester.swift */ = {isa = PBXFileReference; fileEncoding = 4; lastKnownFileType = sourcecode.swift; path = LGV_MeetingSDKTests_BMLT_Tester.swift; sourceTree = "<group>"; };
		D41EE90528DE2BD000A8ED53 /* LGV_MeetingSDK_BMLT.Transport.swift */ = {isa = PBXFileReference; fileEncoding = 4; lastKnownFileType = sourcecode.swift; path = LGV_MeetingSDK_BMLT.Transport.swift; sourceTree = "<group>"; };
		D41EE90728DE2C4500A8ED53 /* LGV_MeetingSDK_BMLT.Transport.Parser.swift */ = {isa = PBXFileReference; fileEncoding = 4; lastKnownFileType = sourcecode.swift; path = LGV_MeetingSDK_BMLT.Transport.Parser.swift; sourceTree = "<group>"; };
		D41EE90928DE2CD500A8ED53 /* LGV_MeetingSDK_BMLT.Transport.Initiator.swift */ = {isa = PBXFileReference; fileEncoding = 4; lastKnownFileType = sourcecode.swift; path = LGV_MeetingSDK_BMLT.Transport.Initiator.swift; sourceTree = "<group>"; };
		D442316228E0BB7900BB3B70 /* SearchResponse-03.json */ = {isa = PBXFileReference; fileEncoding = 4; lastKnownFileType = text.json; path = "SearchResponse-03.json"; sourceTree = "<group>"; };
		D463874828E0F68700F2D660 /* RVS_Generic_Swift_Toolbox */ = {isa = PBXFileReference; lastKnownFileType = wrapper; name = RVS_Generic_Swift_Toolbox; path = "/Users/chrismarshall/Development/Developer/Xcode/DerivedData/LGV_MeetingSDK-bmmehuegutavvebjwadwlotsupab/SourcePackages/checkouts/RVS_Generic_Swift_Toolbox"; sourceTree = "<absolute>"; };
		D46D476128D3BF9200D8785E /* LGV_MeetingSDK.docc */ = {isa = PBXFileReference; lastKnownFileType = folder.documentationcatalog; path = LGV_MeetingSDK.docc; sourceTree = "<group>"; };
		D47A4B5428D9F47D00B17823 /* LGV_MeetingSDK_Protocols.swift */ = {isa = PBXFileReference; fileEncoding = 4; lastKnownFileType = sourcecode.swift; path = LGV_MeetingSDK_Protocols.swift; sourceTree = "<group>"; };
		D498E52728DD21DA00312432 /* LGV_MeetingSDK_BMLT.swift */ = {isa = PBXFileReference; fileEncoding = 4; lastKnownFileType = sourcecode.swift; path = LGV_MeetingSDK_BMLT.swift; sourceTree = "<group>"; };
		D4A6EC7828DB4B3900B3E660 /* LGV_MeetingSDKTests.xctest */ = {isa = PBXFileReference; explicitFileType = wrapper.cfbundle; includeInIndex = 0; path = LGV_MeetingSDKTests.xctest; sourceTree = BUILT_PRODUCTS_DIR; };
		D4A6EC7A28DB4B3900B3E660 /* LGV_MeetingSDKTests.swift */ = {isa = PBXFileReference; lastKnownFileType = sourcecode.swift; path = LGV_MeetingSDKTests.swift; sourceTree = "<group>"; };
		D4A6EC8528DB68BA00B3E660 /* LGV_MeetingSDK_Organization_Protocol.swift */ = {isa = PBXFileReference; fileEncoding = 4; lastKnownFileType = sourcecode.swift; path = LGV_MeetingSDK_Organization_Protocol.swift; sourceTree = "<group>"; };
		D4A6EC8728DB693400B3E660 /* LGV_MeetingSDK_Meeting_Protocols.swift */ = {isa = PBXFileReference; fileEncoding = 4; lastKnownFileType = sourcecode.swift; path = LGV_MeetingSDK_Meeting_Protocols.swift; sourceTree = "<group>"; };
		D4A6EC8A28DBA74B00B3E660 /* LGV_MeetingSDK_Transport_Protocol.swift */ = {isa = PBXFileReference; fileEncoding = 4; lastKnownFileType = sourcecode.swift; path = LGV_MeetingSDK_Transport_Protocol.swift; sourceTree = "<group>"; };
		D4A985A828D3C0A7007D75E4 /* libLGV_MeetingSDK.a */ = {isa = PBXFileReference; explicitFileType = archive.ar; includeInIndex = 0; path = libLGV_MeetingSDK.a; sourceTree = BUILT_PRODUCTS_DIR; };
		D4B20DDB28DFAB0200643A20 /* SearchResponse-02.json */ = {isa = PBXFileReference; fileEncoding = 4; lastKnownFileType = text.json; path = "SearchResponse-02.json"; sourceTree = "<group>"; };
		D4B20DDC28DFAB0200643A20 /* SearchResponse-00.json */ = {isa = PBXFileReference; fileEncoding = 4; lastKnownFileType = text.json; path = "SearchResponse-00.json"; sourceTree = "<group>"; };
		D4B20DDD28DFAB0200643A20 /* SearchResponse-01.json */ = {isa = PBXFileReference; fileEncoding = 4; lastKnownFileType = text.json; path = "SearchResponse-01.json"; sourceTree = "<group>"; };
/* End PBXFileReference section */

/* Begin PBXFrameworksBuildPhase section */
		D4A6EC7528DB4B3900B3E660 /* Frameworks */ = {
			isa = PBXFrameworksBuildPhase;
			buildActionMask = 2147483647;
			files = (
				D4A6EC7C28DB4B3900B3E660 /* libLGV_MeetingSDK.a in Frameworks */,
			);
			runOnlyForDeploymentPostprocessing = 0;
		};
/* End PBXFrameworksBuildPhase section */

/* Begin PBXGroup section */
		D412C7F928D3BEC500BAFC16 = {
			isa = PBXGroup;
			children = (
				D46D476028D3BF6400D8785E /* Sources */,
				D4A6EC8228DB4B4200B3E660 /* Tests */,
				D412C80328D3BEC500BAFC16 /* Products */,
				D463874728E0F67400F2D660 /* Frameworks */,
			);
			sourceTree = "<group>";
		};
		D412C80328D3BEC500BAFC16 /* Products */ = {
			isa = PBXGroup;
			children = (
				D4A985A828D3C0A7007D75E4 /* libLGV_MeetingSDK.a */,
				D4A6EC7828DB4B3900B3E660 /* LGV_MeetingSDKTests.xctest */,
			);
			name = Products;
			sourceTree = "<group>";
		};
		D412C80428D3BEC500BAFC16 /* LGV_MeetingSDK */ = {
			isa = PBXGroup;
			children = (
				D478AD6828DCC43E006D1B4D /* Types */,
				D4A6EC8928DB698500B3E660 /* Protocols */,
				D46D476128D3BF9200D8785E /* LGV_MeetingSDK.docc */,
			);
			path = LGV_MeetingSDK;
			sourceTree = "<group>";
		};
		D41EE90428DE2B5900A8ED53 /* BMLT */ = {
			isa = PBXGroup;
			children = (
				D498E52728DD21DA00312432 /* LGV_MeetingSDK_BMLT.swift */,
				D41EE90528DE2BD000A8ED53 /* LGV_MeetingSDK_BMLT.Transport.swift */,
				D41EE90928DE2CD500A8ED53 /* LGV_MeetingSDK_BMLT.Transport.Initiator.swift */,
				D41EE90728DE2C4500A8ED53 /* LGV_MeetingSDK_BMLT.Transport.Parser.swift */,
			);
			path = BMLT;
			sourceTree = "<group>";
		};
		D463874728E0F67400F2D660 /* Frameworks */ = {
			isa = PBXGroup;
			children = (
				D463874828E0F68700F2D660 /* RVS_Generic_Swift_Toolbox */,
			);
			name = Frameworks;
			sourceTree = "<group>";
		};
		D46D476028D3BF6400D8785E /* Sources */ = {
			isa = PBXGroup;
			children = (
				D412C80428D3BEC500BAFC16 /* LGV_MeetingSDK */,
			);
			path = Sources;
			sourceTree = "<group>";
		};
		D478AD6828DCC43E006D1B4D /* Types */ = {
			isa = PBXGroup;
			children = (
				D412C80528D3BEC500BAFC16 /* LGV_MeetingSDK.swift */,
				D41EE90428DE2B5900A8ED53 /* BMLT */,
			);
			path = Types;
			sourceTree = "<group>";
		};
		D4A6EC7928DB4B3900B3E660 /* LGV_MeetingSDKTests */ = {
			isa = PBXGroup;
			children = (
				D4AE9FA228DBAEEA00A99630 /* BMLTList */,
				D4A6EC7A28DB4B3900B3E660 /* LGV_MeetingSDKTests.swift */,
				D41EE90228DE294700A8ED53 /* LGV_MeetingSDKTests_BMLT_Tester.swift */,
			);
			path = LGV_MeetingSDKTests;
			sourceTree = "<group>";
		};
		D4A6EC8228DB4B4200B3E660 /* Tests */ = {
			isa = PBXGroup;
			children = (
				D4A6EC7928DB4B3900B3E660 /* LGV_MeetingSDKTests */,
			);
			path = Tests;
			sourceTree = "<group>";
		};
		D4A6EC8928DB698500B3E660 /* Protocols */ = {
			isa = PBXGroup;
			children = (
				D47A4B5428D9F47D00B17823 /* LGV_MeetingSDK_Protocols.swift */,
				D4A6EC8728DB693400B3E660 /* LGV_MeetingSDK_Meeting_Protocols.swift */,
				D4A6EC8528DB68BA00B3E660 /* LGV_MeetingSDK_Organization_Protocol.swift */,
				D4A6EC8A28DBA74B00B3E660 /* LGV_MeetingSDK_Transport_Protocol.swift */,
			);
			path = Protocols;
			sourceTree = "<group>";
		};
		D4AE9FA228DBAEEA00A99630 /* BMLTList */ = {
			isa = PBXGroup;
			children = (
				D4B20DDC28DFAB0200643A20 /* SearchResponse-00.json */,
				D4B20DDD28DFAB0200643A20 /* SearchResponse-01.json */,
				D4B20DDB28DFAB0200643A20 /* SearchResponse-02.json */,
				D442316228E0BB7900BB3B70 /* SearchResponse-03.json */,
			);
			path = BMLTList;
			sourceTree = "<group>";
		};
/* End PBXGroup section */

/* Begin PBXNativeTarget section */
		D4A6EC7728DB4B3900B3E660 /* LGV_MeetingSDKTests */ = {
			isa = PBXNativeTarget;
			buildConfigurationList = D4A6EC8128DB4B3900B3E660 /* Build configuration list for PBXNativeTarget "LGV_MeetingSDKTests" */;
			buildPhases = (
				D4A6EC8428DB4CD000B3E660 /* SwiftLint */,
				D4A6EC7428DB4B3900B3E660 /* Sources */,
				D4A6EC7528DB4B3900B3E660 /* Frameworks */,
				D4AE9FA528DBAF0600A99630 /* Resources */,
			);
			buildRules = (
			);
			dependencies = (
				D4A6EC7E28DB4B3900B3E660 /* PBXTargetDependency */,
			);
			name = LGV_MeetingSDKTests;
			productName = LGV_MeetingSDKTests;
			productReference = D4A6EC7828DB4B3900B3E660 /* LGV_MeetingSDKTests.xctest */;
			productType = "com.apple.product-type.bundle.unit-test";
		};
		D4A985A728D3C0A7007D75E4 /* LGV_MeetingSDK */ = {
			isa = PBXNativeTarget;
			buildConfigurationList = D4A985AE28D3C0A7007D75E4 /* Build configuration list for PBXNativeTarget "LGV_MeetingSDK" */;
			buildPhases = (
				D4A6EC8328DB4CBC00B3E660 /* SwiftLint */,
				D4A985A528D3C0A7007D75E4 /* Sources */,
			);
			buildRules = (
			);
			dependencies = (
			);
			name = LGV_MeetingSDK;
			packageProductDependencies = (
			);
			productName = LGV_MeetingSDK2;
			productReference = D4A985A828D3C0A7007D75E4 /* libLGV_MeetingSDK.a */;
			productType = "com.apple.product-type.library.static";
		};
/* End PBXNativeTarget section */

/* Begin PBXProject section */
		D412C7FA28D3BEC500BAFC16 /* Project object */ = {
			isa = PBXProject;
			attributes = {
				BuildIndependentTargetsInParallel = 1;
				CLASSPREFIX = LGV_;
				LastSwiftUpdateCheck = 1400;
				LastUpgradeCheck = 1400;
				ORGANIZATIONNAME = "Little Green Viper Software Development LLC";
				TargetAttributes = {
					D4A6EC7728DB4B3900B3E660 = {
						CreatedOnToolsVersion = 14.0;
					};
					D4A985A728D3C0A7007D75E4 = {
						CreatedOnToolsVersion = 14.0;
					};
				};
			};
			buildConfigurationList = D412C7FD28D3BEC500BAFC16 /* Build configuration list for PBXProject "LGV_MeetingSDK" */;
			compatibilityVersion = "Xcode 14.0";
			developmentRegion = en;
			hasScannedForEncodings = 0;
			knownRegions = (
				en,
				Base,
			);
			mainGroup = D412C7F928D3BEC500BAFC16;
			packageReferences = (
			);
			productRefGroup = D412C80328D3BEC500BAFC16 /* Products */;
			projectDirPath = "";
			projectRoot = "";
			targets = (
				D4A985A728D3C0A7007D75E4 /* LGV_MeetingSDK */,
				D4A6EC7728DB4B3900B3E660 /* LGV_MeetingSDKTests */,
			);
		};
/* End PBXProject section */

/* Begin PBXResourcesBuildPhase section */
		D4AE9FA528DBAF0600A99630 /* Resources */ = {
			isa = PBXResourcesBuildPhase;
			buildActionMask = 2147483647;
			files = (
				D4B20DE128DFAB2600643A20 /* SearchResponse-00.json in Resources */,
				D4B20DE228DFAB2600643A20 /* SearchResponse-01.json in Resources */,
				D4B20DE328DFAB2600643A20 /* SearchResponse-02.json in Resources */,
				D442316328E0BB7900BB3B70 /* SearchResponse-03.json in Resources */,
			);
			runOnlyForDeploymentPostprocessing = 0;
		};
/* End PBXResourcesBuildPhase section */

/* Begin PBXShellScriptBuildPhase section */
		D4A6EC8328DB4CBC00B3E660 /* SwiftLint */ = {
			isa = PBXShellScriptBuildPhase;
			alwaysOutOfDate = 1;
			buildActionMask = 2147483647;
			files = (
			);
			inputFileListPaths = (
			);
			inputPaths = (
			);
			name = SwiftLint;
			outputFileListPaths = (
			);
			outputPaths = (
			);
			runOnlyForDeploymentPostprocessing = 0;
			shellPath = /bin/sh;
			shellScript = "if command -v swiftlint\nthen\n    swiftlint\nfi\n";
		};
		D4A6EC8428DB4CD000B3E660 /* SwiftLint */ = {
			isa = PBXShellScriptBuildPhase;
			alwaysOutOfDate = 1;
			buildActionMask = 2147483647;
			files = (
			);
			inputFileListPaths = (
			);
			inputPaths = (
			);
			name = SwiftLint;
			outputFileListPaths = (
			);
			outputPaths = (
			);
			runOnlyForDeploymentPostprocessing = 0;
			shellPath = /bin/sh;
			shellScript = "if command -v swiftlint\nthen\n    swiftlint\nfi\n";
		};
/* End PBXShellScriptBuildPhase section */

/* Begin PBXSourcesBuildPhase section */
		D4A6EC7428DB4B3900B3E660 /* Sources */ = {
			isa = PBXSourcesBuildPhase;
			buildActionMask = 2147483647;
			files = (
				D41EE90328DE294700A8ED53 /* LGV_MeetingSDKTests_BMLT_Tester.swift in Sources */,
				D4A6EC7B28DB4B3900B3E660 /* LGV_MeetingSDKTests.swift in Sources */,
			);
			runOnlyForDeploymentPostprocessing = 0;
		};
		D4A985A528D3C0A7007D75E4 /* Sources */ = {
			isa = PBXSourcesBuildPhase;
			buildActionMask = 2147483647;
			files = (
				D4A6EC8828DB693400B3E660 /* LGV_MeetingSDK_Meeting_Protocols.swift in Sources */,
				D41EE90A28DE2CD500A8ED53 /* LGV_MeetingSDK_BMLT.Transport.Initiator.swift in Sources */,
				D4A6EC8628DB68BA00B3E660 /* LGV_MeetingSDK_Organization_Protocol.swift in Sources */,
				D47A4B5528D9F47D00B17823 /* LGV_MeetingSDK_Protocols.swift in Sources */,
				D41EE90628DE2BD100A8ED53 /* LGV_MeetingSDK_BMLT.Transport.swift in Sources */,
				D41EE90828DE2C4500A8ED53 /* LGV_MeetingSDK_BMLT.Transport.Parser.swift in Sources */,
				D4A6EC8B28DBA74B00B3E660 /* LGV_MeetingSDK_Transport_Protocol.swift in Sources */,
				D4A985B128D3C0AB007D75E4 /* LGV_MeetingSDK.swift in Sources */,
				D498E52828DD21DA00312432 /* LGV_MeetingSDK_BMLT.swift in Sources */,
			);
			runOnlyForDeploymentPostprocessing = 0;
		};
/* End PBXSourcesBuildPhase section */

/* Begin PBXTargetDependency section */
		D4A6EC7E28DB4B3900B3E660 /* PBXTargetDependency */ = {
			isa = PBXTargetDependency;
			platformFilters = (
				ios,
				macos,
			);
			target = D4A985A728D3C0A7007D75E4 /* LGV_MeetingSDK */;
			targetProxy = D4A6EC7D28DB4B3900B3E660 /* PBXContainerItemProxy */;
		};
/* End PBXTargetDependency section */

/* Begin XCBuildConfiguration section */
		D412C80728D3BEC500BAFC16 /* Debug */ = {
			isa = XCBuildConfiguration;
			buildSettings = {
				ALWAYS_SEARCH_USER_PATHS = NO;
				CLANG_ANALYZER_NONNULL = YES;
				CLANG_ANALYZER_NUMBER_OBJECT_CONVERSION = YES_AGGRESSIVE;
				CLANG_CXX_LANGUAGE_STANDARD = "gnu++20";
				CLANG_ENABLE_MODULES = YES;
				CLANG_ENABLE_OBJC_ARC = YES;
				CLANG_ENABLE_OBJC_WEAK = YES;
				CLANG_WARN_BLOCK_CAPTURE_AUTORELEASING = YES;
				CLANG_WARN_BOOL_CONVERSION = YES;
				CLANG_WARN_COMMA = YES;
				CLANG_WARN_CONSTANT_CONVERSION = YES;
				CLANG_WARN_DEPRECATED_OBJC_IMPLEMENTATIONS = YES;
				CLANG_WARN_DIRECT_OBJC_ISA_USAGE = YES_ERROR;
				CLANG_WARN_DOCUMENTATION_COMMENTS = YES;
				CLANG_WARN_EMPTY_BODY = YES;
				CLANG_WARN_ENUM_CONVERSION = YES;
				CLANG_WARN_INFINITE_RECURSION = YES;
				CLANG_WARN_INT_CONVERSION = YES;
				CLANG_WARN_NON_LITERAL_NULL_CONVERSION = YES;
				CLANG_WARN_OBJC_IMPLICIT_RETAIN_SELF = YES;
				CLANG_WARN_OBJC_LITERAL_CONVERSION = YES;
				CLANG_WARN_OBJC_ROOT_CLASS = YES_ERROR;
				CLANG_WARN_QUOTED_INCLUDE_IN_FRAMEWORK_HEADER = YES;
				CLANG_WARN_RANGE_LOOP_ANALYSIS = YES;
				CLANG_WARN_STRICT_PROTOTYPES = YES;
				CLANG_WARN_SUSPICIOUS_MOVE = YES;
				CLANG_WARN_UNGUARDED_AVAILABILITY = YES_AGGRESSIVE;
				CLANG_WARN_UNREACHABLE_CODE = YES;
				CLANG_WARN__DUPLICATE_METHOD_MATCH = YES;
				COPY_PHASE_STRIP = NO;
				DEBUG_INFORMATION_FORMAT = dwarf;
				ENABLE_STRICT_OBJC_MSGSEND = YES;
				ENABLE_TESTABILITY = YES;
				GCC_C_LANGUAGE_STANDARD = gnu11;
				GCC_DYNAMIC_NO_PIC = NO;
				GCC_NO_COMMON_BLOCKS = YES;
				GCC_OPTIMIZATION_LEVEL = 0;
				GCC_PREPROCESSOR_DEFINITIONS = (
					"DEBUG=1",
					"$(inherited)",
				);
				GCC_WARN_64_TO_32_BIT_CONVERSION = YES;
				GCC_WARN_ABOUT_RETURN_TYPE = YES_ERROR;
				GCC_WARN_UNDECLARED_SELECTOR = YES;
				GCC_WARN_UNINITIALIZED_AUTOS = YES_AGGRESSIVE;
				GCC_WARN_UNUSED_FUNCTION = YES;
				GCC_WARN_UNUSED_VARIABLE = YES;
				IPHONEOS_DEPLOYMENT_TARGET = 16.0;
				MTL_ENABLE_DEBUG_INFO = INCLUDE_SOURCE;
				MTL_FAST_MATH = YES;
				ONLY_ACTIVE_ARCH = YES;
				SDKROOT = iphoneos;
				SWIFT_ACTIVE_COMPILATION_CONDITIONS = DEBUG;
				SWIFT_OPTIMIZATION_LEVEL = "-Onone";
			};
			name = Debug;
		};
		D412C80828D3BEC500BAFC16 /* Release */ = {
			isa = XCBuildConfiguration;
			buildSettings = {
				ALWAYS_SEARCH_USER_PATHS = NO;
				CLANG_ANALYZER_NONNULL = YES;
				CLANG_ANALYZER_NUMBER_OBJECT_CONVERSION = YES_AGGRESSIVE;
				CLANG_CXX_LANGUAGE_STANDARD = "gnu++20";
				CLANG_ENABLE_MODULES = YES;
				CLANG_ENABLE_OBJC_ARC = YES;
				CLANG_ENABLE_OBJC_WEAK = YES;
				CLANG_WARN_BLOCK_CAPTURE_AUTORELEASING = YES;
				CLANG_WARN_BOOL_CONVERSION = YES;
				CLANG_WARN_COMMA = YES;
				CLANG_WARN_CONSTANT_CONVERSION = YES;
				CLANG_WARN_DEPRECATED_OBJC_IMPLEMENTATIONS = YES;
				CLANG_WARN_DIRECT_OBJC_ISA_USAGE = YES_ERROR;
				CLANG_WARN_DOCUMENTATION_COMMENTS = YES;
				CLANG_WARN_EMPTY_BODY = YES;
				CLANG_WARN_ENUM_CONVERSION = YES;
				CLANG_WARN_INFINITE_RECURSION = YES;
				CLANG_WARN_INT_CONVERSION = YES;
				CLANG_WARN_NON_LITERAL_NULL_CONVERSION = YES;
				CLANG_WARN_OBJC_IMPLICIT_RETAIN_SELF = YES;
				CLANG_WARN_OBJC_LITERAL_CONVERSION = YES;
				CLANG_WARN_OBJC_ROOT_CLASS = YES_ERROR;
				CLANG_WARN_QUOTED_INCLUDE_IN_FRAMEWORK_HEADER = YES;
				CLANG_WARN_RANGE_LOOP_ANALYSIS = YES;
				CLANG_WARN_STRICT_PROTOTYPES = YES;
				CLANG_WARN_SUSPICIOUS_MOVE = YES;
				CLANG_WARN_UNGUARDED_AVAILABILITY = YES_AGGRESSIVE;
				CLANG_WARN_UNREACHABLE_CODE = YES;
				CLANG_WARN__DUPLICATE_METHOD_MATCH = YES;
				COPY_PHASE_STRIP = NO;
				DEBUG_INFORMATION_FORMAT = "dwarf-with-dsym";
				ENABLE_NS_ASSERTIONS = NO;
				ENABLE_STRICT_OBJC_MSGSEND = YES;
				GCC_C_LANGUAGE_STANDARD = gnu11;
				GCC_NO_COMMON_BLOCKS = YES;
				GCC_WARN_64_TO_32_BIT_CONVERSION = YES;
				GCC_WARN_ABOUT_RETURN_TYPE = YES_ERROR;
				GCC_WARN_UNDECLARED_SELECTOR = YES;
				GCC_WARN_UNINITIALIZED_AUTOS = YES_AGGRESSIVE;
				GCC_WARN_UNUSED_FUNCTION = YES;
				GCC_WARN_UNUSED_VARIABLE = YES;
				IPHONEOS_DEPLOYMENT_TARGET = 16.0;
				MTL_ENABLE_DEBUG_INFO = NO;
				MTL_FAST_MATH = YES;
				SDKROOT = iphoneos;
				SWIFT_COMPILATION_MODE = wholemodule;
				SWIFT_OPTIMIZATION_LEVEL = "-O";
				VALIDATE_PRODUCT = YES;
			};
			name = Release;
		};
		D4A6EC7F28DB4B3900B3E660 /* Debug */ = {
			isa = XCBuildConfiguration;
			buildSettings = {
				CODE_SIGN_STYLE = Automatic;
				CURRENT_PROJECT_VERSION = 1;
				DEVELOPMENT_TEAM = P53V4JS928;
				GENERATE_INFOPLIST_FILE = YES;
				IPHONEOS_DEPLOYMENT_TARGET = 14.0;
				MACOSX_DEPLOYMENT_TARGET = 11.0;
				MARKETING_VERSION = 1.0;
				PRODUCT_BUNDLE_IDENTIFIER = "com.littlegreenviper.LGV-MeetingSDKTests";
				PRODUCT_NAME = "$(TARGET_NAME)";
				SDKROOT = macosx;
				SUPPORTED_PLATFORMS = "iphoneos iphonesimulator macosx";
				SUPPORTS_MACCATALYST = NO;
				SUPPORTS_MAC_DESIGNED_FOR_IPHONE_IPAD = NO;
				SWIFT_EMIT_LOC_STRINGS = NO;
				SWIFT_VERSION = 5.0;
				TARGETED_DEVICE_FAMILY = 1;
			};
			name = Debug;
		};
		D4A6EC8028DB4B3900B3E660 /* Release */ = {
			isa = XCBuildConfiguration;
			buildSettings = {
				CODE_SIGN_STYLE = Automatic;
				CURRENT_PROJECT_VERSION = 1;
				DEVELOPMENT_TEAM = P53V4JS928;
				GENERATE_INFOPLIST_FILE = YES;
				IPHONEOS_DEPLOYMENT_TARGET = 14.0;
				MACOSX_DEPLOYMENT_TARGET = 11.0;
				MARKETING_VERSION = 1.0;
				PRODUCT_BUNDLE_IDENTIFIER = "com.littlegreenviper.LGV-MeetingSDKTests";
				PRODUCT_NAME = "$(TARGET_NAME)";
				SDKROOT = macosx;
				SUPPORTED_PLATFORMS = "iphoneos iphonesimulator macosx";
				SUPPORTS_MACCATALYST = NO;
				SUPPORTS_MAC_DESIGNED_FOR_IPHONE_IPAD = NO;
				SWIFT_EMIT_LOC_STRINGS = NO;
				SWIFT_VERSION = 5.0;
				TARGETED_DEVICE_FAMILY = 1;
			};
			name = Release;
		};
		D4A985AF28D3C0A7007D75E4 /* Debug */ = {
			isa = XCBuildConfiguration;
			buildSettings = {
				ALLOW_TARGET_PLATFORM_SPECIALIZATION = YES;
				CODE_SIGN_STYLE = Automatic;
				DEVELOPMENT_TEAM = P53V4JS928;
				EXECUTABLE_PREFIX = lib;
				IPHONEOS_DEPLOYMENT_TARGET = 14.0;
				MACOSX_DEPLOYMENT_TARGET = 11.0;
				PRODUCT_MODULE_NAME = LGV_MeetingSDK;
				PRODUCT_NAME = LGV_MeetingSDK;
				SDKROOT = macosx;
				SKIP_INSTALL = YES;
				SUPPORTED_PLATFORMS = "watchsimulator watchos macosx iphonesimulator iphoneos driverkit appletvsimulator appletvos";
				SUPPORTS_MACCATALYST = YES;
				SWIFT_VERSION = 5.0;
				TVOS_DEPLOYMENT_TARGET = 14.0;
				WATCHOS_DEPLOYMENT_TARGET = 7.0;
			};
			name = Debug;
		};
		D4A985B028D3C0A7007D75E4 /* Release */ = {
			isa = XCBuildConfiguration;
			buildSettings = {
				ALLOW_TARGET_PLATFORM_SPECIALIZATION = YES;
				CODE_SIGN_STYLE = Automatic;
				DEVELOPMENT_TEAM = P53V4JS928;
				EXECUTABLE_PREFIX = lib;
				IPHONEOS_DEPLOYMENT_TARGET = 14.0;
				MACOSX_DEPLOYMENT_TARGET = 11.0;
				PRODUCT_MODULE_NAME = LGV_MeetingSDK;
				PRODUCT_NAME = LGV_MeetingSDK;
				SDKROOT = macosx;
				SKIP_INSTALL = YES;
				SUPPORTED_PLATFORMS = "watchsimulator watchos macosx iphonesimulator iphoneos driverkit appletvsimulator appletvos";
				SUPPORTS_MACCATALYST = YES;
				SWIFT_VERSION = 5.0;
				TVOS_DEPLOYMENT_TARGET = 14.0;
				WATCHOS_DEPLOYMENT_TARGET = 7.0;
			};
			name = Release;
		};
/* End XCBuildConfiguration section */

/* Begin XCConfigurationList section */
		D412C7FD28D3BEC500BAFC16 /* Build configuration list for PBXProject "LGV_MeetingSDK" */ = {
			isa = XCConfigurationList;
			buildConfigurations = (
				D412C80728D3BEC500BAFC16 /* Debug */,
				D412C80828D3BEC500BAFC16 /* Release */,
			);
			defaultConfigurationIsVisible = 0;
			defaultConfigurationName = Release;
		};
		D4A6EC8128DB4B3900B3E660 /* Build configuration list for PBXNativeTarget "LGV_MeetingSDKTests" */ = {
			isa = XCConfigurationList;
			buildConfigurations = (
				D4A6EC7F28DB4B3900B3E660 /* Debug */,
				D4A6EC8028DB4B3900B3E660 /* Release */,
			);
			defaultConfigurationIsVisible = 0;
			defaultConfigurationName = Release;
		};
		D4A985AE28D3C0A7007D75E4 /* Build configuration list for PBXNativeTarget "LGV_MeetingSDK" */ = {
			isa = XCConfigurationList;
			buildConfigurations = (
				D4A985AF28D3C0A7007D75E4 /* Debug */,
				D4A985B028D3C0A7007D75E4 /* Release */,
			);
			defaultConfigurationIsVisible = 0;
			defaultConfigurationName = Release;
		};
/* End XCConfigurationList section */
	};
	rootObject = D412C7FA28D3BEC500BAFC16 /* Project object */;
}
